
Microsoft Visual Studio Solution File, Format Version 12.00
# Visual Studio Version 16
VisualStudioVersion = 16.0.29009.5
MinimumVisualStudioVersion = 10.0.40219.1
Project("{FAE04EC0-301F-11D3-BF4B-00C04F79EFBC}") = "stub", "stub\stub.csproj", "{C7A67787-0F4F-4E62-8C09-E678FFE8D567}"
EndProject
Project("{FAE04EC0-301F-11D3-BF4B-00C04F79EFBC}") = "LokiRAT", "LokiRAT\LokiRAT.csproj", "{CDD0FD9C-92CF-4FB0-851D-ABE1FB0AFA10}"
EndProject
Global
	GlobalSection(SolutionConfigurationPlatforms) = preSolution
		Debug|Any CPU = Debug|Any CPU
		Release|Any CPU = Release|Any CPU
	EndGlobalSection
	GlobalSection(ProjectConfigurationPlatforms) = postSolution
		{C7A67787-0F4F-4E62-8C09-E678FFE8D567}.Debug|Any CPU.ActiveCfg = Debug|Any CPU
		{C7A67787-0F4F-4E62-8C09-E678FFE8D567}.Debug|Any CPU.Build.0 = Debug|Any CPU
		{C7A67787-0F4F-4E62-8C09-E678FFE8D567}.Release|Any CPU.ActiveCfg = Release|Any CPU
		{C7A67787-0F4F-4E62-8C09-E678FFE8D567}.Release|Any CPU.Build.0 = Release|Any CPU
		{CDD0FD9C-92CF-4FB0-851D-ABE1FB0AFA10}.Debug|Any CPU.ActiveCfg = Debug|Any CPU
		{CDD0FD9C-92CF-4FB0-851D-ABE1FB0AFA10}.Debug|Any CPU.Build.0 = Debug|Any CPU
		{CDD0FD9C-92CF-4FB0-851D-ABE1FB0AFA10}.Release|Any CPU.ActiveCfg = Release|Any CPU
		{CDD0FD9C-92CF-4FB0-851D-ABE1FB0AFA10}.Release|Any CPU.Build.0 = Release|Any CPU
	EndGlobalSection
	GlobalSection(SolutionProperties) = preSolution
		HideSolutionNode = FALSE
	EndGlobalSection
	GlobalSection(ExtensibilityGlobals) = postSolution
		SolutionGuid = {D5D4A755-3257-4029-9341-95648821DA78}
	EndGlobalSection
EndGlobal
